
Microsoft Visual Studio Solution File, Format Version 12.00
# Visual Studio 15
VisualStudioVersion = 15.0.27703.2035
MinimumVisualStudioVersion = 10.0.40219.1
Project("{2150E333-8FDC-42A3-9474-1A3956D46DE8}") = "1 - Servicos", "1 - Servicos", "{42112DF0-4E90-4CDB-AFF0-3D2CA2D9839C}"
EndProject
Project("{2150E333-8FDC-42A3-9474-1A3956D46DE8}") = "2 - Aplicacao", "2 - Aplicacao", "{AC704EDB-0C76-4073-B712-1D33A375B557}"
EndProject
Project("{2150E333-8FDC-42A3-9474-1A3956D46DE8}") = "3 - Dominio", "3 - Dominio", "{915F23AF-5F78-4BC8-902A-21B13350DCA3}"
EndProject
Project("{2150E333-8FDC-42A3-9474-1A3956D46DE8}") = "4 - Infra", "4 - Infra", "{EE582E50-2085-40B6-8CDF-75A0E0D2CFF9}"
EndProject
Project("{9A19103F-16F7-4668-BE54-9A1E7A4F7556}") = "RecursosCompartilhados.WebApi", "1 - Servicos\RecursosCompartilhados.WebApi\RecursosCompartilhados.WebApi.csproj", "{FF4AA4A8-9D0F-4FC0-99BC-25826D2B3C66}"
EndProject
Project("{9A19103F-16F7-4668-BE54-9A1E7A4F7556}") = "RecursosCompartilhados.Aplicacao", "2 - Aplicacao\RecursosCompartilhados.Aplicacao\RecursosCompartilhados.Aplicacao.csproj", "{6A0B5D77-119A-45B6-A041-796B8999299C}"
EndProject
Project("{9A19103F-16F7-4668-BE54-9A1E7A4F7556}") = "RecursosCompartilhados.Dominio", "3 - Dominio\RecursosCompartilhados.Dominio\RecursosCompartilhados.Dominio.csproj", "{5CD55F8B-921A-4E92-A368-5A1DC480CE13}"
EndProject
Project("{9A19103F-16F7-4668-BE54-9A1E7A4F7556}") = "RecursosCompartilhados.Dados", "4 - Infra\RecursosCompartilhados.Dados\RecursosCompartilhados.Dados.csproj", "{E16072AD-CC50-4A59-835B-A1476C935B76}"
EndProject
Project("{9A19103F-16F7-4668-BE54-9A1E7A4F7556}") = "RecursosCompartilhados.Infra", "4 - Infra\RecursosCompartilhados.Infra\RecursosCompartilhados.Infra.csproj", "{4683596F-D238-41F5-9434-91701AD3169F}"
EndProject
Project("{2150E333-8FDC-42A3-9474-1A3956D46DE8}") = "Base", "Base", "{2C7A9709-B34D-471F-819E-81DD415D46C5}"
EndProject
Project("{2150E333-8FDC-42A3-9474-1A3956D46DE8}") = "1 - Servicos", "1 - Servicos", "{559D33AF-DDD7-4853-B5D4-4B6DFE033035}"
EndProject
Project("{2150E333-8FDC-42A3-9474-1A3956D46DE8}") = "2 - Aplicacao", "2 - Aplicacao", "{E7E58ADB-B580-4DFD-BF2B-7DC1798B0685}"
EndProject
Project("{2150E333-8FDC-42A3-9474-1A3956D46DE8}") = "3 - Dominio", "3 - Dominio", "{6BC03959-3A5C-448E-A480-A5B65032BAE5}"
EndProject
Project("{2150E333-8FDC-42A3-9474-1A3956D46DE8}") = "4 - Infra", "4 - Infra", "{595A32C5-44FD-4576-A687-17F50DB3B4EE}"
EndProject
Project("{FAE04EC0-301F-11D3-BF4B-00C04F79EFBC}") = "Base.WebApi", "Base\1 - Servicos\Base.WebApi\Base.WebApi.csproj", "{4ED2CA3E-71AB-4180-B362-43A45B299D75}"
EndProject
Project("{FAE04EC0-301F-11D3-BF4B-00C04F79EFBC}") = "Base.Infra", "Base\4 - Infra\Base.Infra\Base.Infra.csproj", "{309FC699-3DA0-4041-AD79-5F40594A1E66}"
EndProject
Project("{FAE04EC0-301F-11D3-BF4B-00C04F79EFBC}") = "Base.Dados", "Base\4 - Infra\Base.Dados\Base.Dados.csproj", "{46BF10C4-645F-4E08-A890-39B1A9D1227B}"
EndProject
Project("{FAE04EC0-301F-11D3-BF4B-00C04F79EFBC}") = "Base.Dominio", "Base\3 - Dominio\Base.Dominio\Base.Dominio.csproj", "{D2C1879F-8FB1-4820-ADAE-90B15783536D}"
EndProject
Project("{FAE04EC0-301F-11D3-BF4B-00C04F79EFBC}") = "Base.Aplicacao", "Base\2 - Aplicacao\Base.Aplicacao\Base.Aplicacao.csproj", "{1E4CC4EA-D6EC-4EB0-A32B-708214FDCDB4}"
EndProject
Global
	GlobalSection(SolutionConfigurationPlatforms) = preSolution
		Debug|Any CPU = Debug|Any CPU
		Release|Any CPU = Release|Any CPU
	EndGlobalSection
	GlobalSection(ProjectConfigurationPlatforms) = postSolution
		{FF4AA4A8-9D0F-4FC0-99BC-25826D2B3C66}.Debug|Any CPU.ActiveCfg = Debug|Any CPU
		{FF4AA4A8-9D0F-4FC0-99BC-25826D2B3C66}.Debug|Any CPU.Build.0 = Debug|Any CPU
		{FF4AA4A8-9D0F-4FC0-99BC-25826D2B3C66}.Release|Any CPU.ActiveCfg = Release|Any CPU
		{FF4AA4A8-9D0F-4FC0-99BC-25826D2B3C66}.Release|Any CPU.Build.0 = Release|Any CPU
		{6A0B5D77-119A-45B6-A041-796B8999299C}.Debug|Any CPU.ActiveCfg = Debug|Any CPU
		{6A0B5D77-119A-45B6-A041-796B8999299C}.Debug|Any CPU.Build.0 = Debug|Any CPU
		{6A0B5D77-119A-45B6-A041-796B8999299C}.Release|Any CPU.ActiveCfg = Release|Any CPU
		{6A0B5D77-119A-45B6-A041-796B8999299C}.Release|Any CPU.Build.0 = Release|Any CPU
		{5CD55F8B-921A-4E92-A368-5A1DC480CE13}.Debug|Any CPU.ActiveCfg = Debug|Any CPU
		{5CD55F8B-921A-4E92-A368-5A1DC480CE13}.Debug|Any CPU.Build.0 = Debug|Any CPU
		{5CD55F8B-921A-4E92-A368-5A1DC480CE13}.Release|Any CPU.ActiveCfg = Release|Any CPU
		{5CD55F8B-921A-4E92-A368-5A1DC480CE13}.Release|Any CPU.Build.0 = Release|Any CPU
		{E16072AD-CC50-4A59-835B-A1476C935B76}.Debug|Any CPU.ActiveCfg = Debug|Any CPU
		{E16072AD-CC50-4A59-835B-A1476C935B76}.Debug|Any CPU.Build.0 = Debug|Any CPU
		{E16072AD-CC50-4A59-835B-A1476C935B76}.Release|Any CPU.ActiveCfg = Release|Any CPU
		{E16072AD-CC50-4A59-835B-A1476C935B76}.Release|Any CPU.Build.0 = Release|Any CPU
		{4683596F-D238-41F5-9434-91701AD3169F}.Debug|Any CPU.ActiveCfg = Debug|Any CPU
		{4683596F-D238-41F5-9434-91701AD3169F}.Debug|Any CPU.Build.0 = Debug|Any CPU
		{4683596F-D238-41F5-9434-91701AD3169F}.Release|Any CPU.ActiveCfg = Release|Any CPU
		{4683596F-D238-41F5-9434-91701AD3169F}.Release|Any CPU.Build.0 = Release|Any CPU
		{4ED2CA3E-71AB-4180-B362-43A45B299D75}.Debug|Any CPU.ActiveCfg = Debug|Any CPU
		{4ED2CA3E-71AB-4180-B362-43A45B299D75}.Debug|Any CPU.Build.0 = Debug|Any CPU
		{4ED2CA3E-71AB-4180-B362-43A45B299D75}.Release|Any CPU.ActiveCfg = Release|Any CPU
		{4ED2CA3E-71AB-4180-B362-43A45B299D75}.Release|Any CPU.Build.0 = Release|Any CPU
		{309FC699-3DA0-4041-AD79-5F40594A1E66}.Debug|Any CPU.ActiveCfg = Debug|Any CPU
		{309FC699-3DA0-4041-AD79-5F40594A1E66}.Debug|Any CPU.Build.0 = Debug|Any CPU
		{309FC699-3DA0-4041-AD79-5F40594A1E66}.Release|Any CPU.ActiveCfg = Release|Any CPU
		{309FC699-3DA0-4041-AD79-5F40594A1E66}.Release|Any CPU.Build.0 = Release|Any CPU
		{46BF10C4-645F-4E08-A890-39B1A9D1227B}.Debug|Any CPU.ActiveCfg = Debug|Any CPU
		{46BF10C4-645F-4E08-A890-39B1A9D1227B}.Debug|Any CPU.Build.0 = Debug|Any CPU
		{46BF10C4-645F-4E08-A890-39B1A9D1227B}.Release|Any CPU.ActiveCfg = Release|Any CPU
		{46BF10C4-645F-4E08-A890-39B1A9D1227B}.Release|Any CPU.Build.0 = Release|Any CPU
		{D2C1879F-8FB1-4820-ADAE-90B15783536D}.Debug|Any CPU.ActiveCfg = Debug|Any CPU
		{D2C1879F-8FB1-4820-ADAE-90B15783536D}.Debug|Any CPU.Build.0 = Debug|Any CPU
		{D2C1879F-8FB1-4820-ADAE-90B15783536D}.Release|Any CPU.ActiveCfg = Release|Any CPU
		{D2C1879F-8FB1-4820-ADAE-90B15783536D}.Release|Any CPU.Build.0 = Release|Any CPU
		{1E4CC4EA-D6EC-4EB0-A32B-708214FDCDB4}.Debug|Any CPU.ActiveCfg = Debug|Any CPU
		{1E4CC4EA-D6EC-4EB0-A32B-708214FDCDB4}.Debug|Any CPU.Build.0 = Debug|Any CPU
		{1E4CC4EA-D6EC-4EB0-A32B-708214FDCDB4}.Release|Any CPU.ActiveCfg = Release|Any CPU
		{1E4CC4EA-D6EC-4EB0-A32B-708214FDCDB4}.Release|Any CPU.Build.0 = Release|Any CPU
	EndGlobalSection
	GlobalSection(SolutionProperties) = preSolution
		HideSolutionNode = FALSE
	EndGlobalSection
	GlobalSection(NestedProjects) = preSolution
		{FF4AA4A8-9D0F-4FC0-99BC-25826D2B3C66} = {42112DF0-4E90-4CDB-AFF0-3D2CA2D9839C}
		{6A0B5D77-119A-45B6-A041-796B8999299C} = {AC704EDB-0C76-4073-B712-1D33A375B557}
		{5CD55F8B-921A-4E92-A368-5A1DC480CE13} = {915F23AF-5F78-4BC8-902A-21B13350DCA3}
		{E16072AD-CC50-4A59-835B-A1476C935B76} = {EE582E50-2085-40B6-8CDF-75A0E0D2CFF9}
		{4683596F-D238-41F5-9434-91701AD3169F} = {EE582E50-2085-40B6-8CDF-75A0E0D2CFF9}
		{559D33AF-DDD7-4853-B5D4-4B6DFE033035} = {2C7A9709-B34D-471F-819E-81DD415D46C5}
		{E7E58ADB-B580-4DFD-BF2B-7DC1798B0685} = {2C7A9709-B34D-471F-819E-81DD415D46C5}
		{6BC03959-3A5C-448E-A480-A5B65032BAE5} = {2C7A9709-B34D-471F-819E-81DD415D46C5}
		{595A32C5-44FD-4576-A687-17F50DB3B4EE} = {2C7A9709-B34D-471F-819E-81DD415D46C5}
		{4ED2CA3E-71AB-4180-B362-43A45B299D75} = {559D33AF-DDD7-4853-B5D4-4B6DFE033035}
		{309FC699-3DA0-4041-AD79-5F40594A1E66} = {595A32C5-44FD-4576-A687-17F50DB3B4EE}
		{46BF10C4-645F-4E08-A890-39B1A9D1227B} = {595A32C5-44FD-4576-A687-17F50DB3B4EE}
		{D2C1879F-8FB1-4820-ADAE-90B15783536D} = {6BC03959-3A5C-448E-A480-A5B65032BAE5}
		{1E4CC4EA-D6EC-4EB0-A32B-708214FDCDB4} = {E7E58ADB-B580-4DFD-BF2B-7DC1798B0685}
	EndGlobalSection
	GlobalSection(ExtensibilityGlobals) = postSolution
		SolutionGuid = {D3305411-8CD0-4638-8A98-BF243961113C}
	EndGlobalSection
EndGlobal
